
Microsoft Visual Studio Solution File, Format Version 12.00
# Visual Studio 15
Project("{FAE04EC0-301F-11D3-BF4B-00C04F79EFBC}") = "deptagency", "deptagency\deptagency.csproj", "{FEB95459-6BEC-40B5-8AD9-AA61F3E19869}"
EndProject
Global
	GlobalSection(SolutionConfigurationPlatforms) = preSolution
		Debug|Any CPU = Debug|Any CPU
		Release|Any CPU = Release|Any CPU
	EndGlobalSection
	GlobalSection(ProjectConfigurationPlatforms) = postSolution
		{FEB95459-6BEC-40B5-8AD9-AA61F3E19869}.Debug|Any CPU.ActiveCfg = Debug|Any CPU
		{FEB95459-6BEC-40B5-8AD9-AA61F3E19869}.Debug|Any CPU.Build.0 = Debug|Any CPU
		{FEB95459-6BEC-40B5-8AD9-AA61F3E19869}.Release|Any CPU.ActiveCfg = Release|Any CPU
		{FEB95459-6BEC-40B5-8AD9-AA61F3E19869}.Release|Any CPU.Build.0 = Release|Any CPU
	EndGlobalSection
EndGlobal
